
Microsoft Visual Studio Solution File, Format Version 12.00
# Visual Studio Version 17
VisualStudioVersion = 17.6.33829.357
MinimumVisualStudioVersion = 10.0.40219.1
Project("{FAE04EC0-301F-11D3-BF4B-00C04F79EFBC}") = "Shopping2", "Shopping2\Shopping2.csproj", "{3AAC503D-9A62-4334-B8F7-A83A3901368A}"
EndProject
Global
	GlobalSection(SolutionConfigurationPlatforms) = preSolution
		Debug|Any CPU = Debug|Any CPU
		Release|Any CPU = Release|Any CPU
	EndGlobalSection
	GlobalSection(ProjectConfigurationPlatforms) = postSolution
		{3AAC503D-9A62-4334-B8F7-A83A3901368A}.Debug|Any CPU.ActiveCfg = Debug|Any CPU
		{3AAC503D-9A62-4334-B8F7-A83A3901368A}.Debug|Any CPU.Build.0 = Debug|Any CPU
		{3AAC503D-9A62-4334-B8F7-A83A3901368A}.Release|Any CPU.ActiveCfg = Release|Any CPU
		{3AAC503D-9A62-4334-B8F7-A83A3901368A}.Release|Any CPU.Build.0 = Release|Any CPU
	EndGlobalSection
	GlobalSection(SolutionProperties) = preSolution
		HideSolutionNode = FALSE
	EndGlobalSection
	GlobalSection(ExtensibilityGlobals) = postSolution
		SolutionGuid = {29834411-C86C-431C-995D-788684371143}
	EndGlobalSection
EndGlobal
